
Microsoft Visual Studio Solution File, Format Version 12.00
# Visual Studio 15
VisualStudioVersion = 15.0.27703.2035
MinimumVisualStudioVersion = 10.0.40219.1
Project("{FAE04EC0-301F-11D3-BF4B-00C04F79EFBC}") = "AS.PIMA.Reports.Android", "AS.PIMA.Reports\AS.PIMA.Reports.Android\AS.PIMA.Reports.Android.csproj", "{D8B894AF-A67E-4BB8-8637-955D11D66342}"
EndProject
Project("{FAE04EC0-301F-11D3-BF4B-00C04F79EFBC}") = "AS.PIMA.Reports.iOS", "AS.PIMA.Reports\AS.PIMA.Reports.iOS\AS.PIMA.Reports.iOS.csproj", "{DD9832E3-BCB9-4BE7-AAD6-012D8AB336C5}"
EndProject
Project("{FAE04EC0-301F-11D3-BF4B-00C04F79EFBC}") = "AS.PIMA.Reports", "AS.PIMA.Reports\AS.PIMA.Reports\AS.PIMA.Reports.csproj", "{4A894AA4-3765-4966-8A0D-3632B4E8EA85}"
EndProject
Global
	GlobalSection(SolutionConfigurationPlatforms) = preSolution
		Debug|Any CPU = Debug|Any CPU
		Debug|iPhone = Debug|iPhone
		Debug|iPhoneSimulator = Debug|iPhoneSimulator
		Release|Any CPU = Release|Any CPU
		Release|iPhone = Release|iPhone
		Release|iPhoneSimulator = Release|iPhoneSimulator
	EndGlobalSection
	GlobalSection(ProjectConfigurationPlatforms) = postSolution
		{D8B894AF-A67E-4BB8-8637-955D11D66342}.Debug|Any CPU.ActiveCfg = Debug|Any CPU
		{D8B894AF-A67E-4BB8-8637-955D11D66342}.Debug|Any CPU.Build.0 = Debug|Any CPU
		{D8B894AF-A67E-4BB8-8637-955D11D66342}.Debug|Any CPU.Deploy.0 = Debug|Any CPU
		{D8B894AF-A67E-4BB8-8637-955D11D66342}.Debug|iPhone.ActiveCfg = Debug|Any CPU
		{D8B894AF-A67E-4BB8-8637-955D11D66342}.Debug|iPhone.Build.0 = Debug|Any CPU
		{D8B894AF-A67E-4BB8-8637-955D11D66342}.Debug|iPhone.Deploy.0 = Debug|Any CPU
		{D8B894AF-A67E-4BB8-8637-955D11D66342}.Debug|iPhoneSimulator.ActiveCfg = Debug|Any CPU
		{D8B894AF-A67E-4BB8-8637-955D11D66342}.Debug|iPhoneSimulator.Build.0 = Debug|Any CPU
		{D8B894AF-A67E-4BB8-8637-955D11D66342}.Debug|iPhoneSimulator.Deploy.0 = Debug|Any CPU
		{D8B894AF-A67E-4BB8-8637-955D11D66342}.Release|Any CPU.ActiveCfg = Release|Any CPU
		{D8B894AF-A67E-4BB8-8637-955D11D66342}.Release|Any CPU.Build.0 = Release|Any CPU
		{D8B894AF-A67E-4BB8-8637-955D11D66342}.Release|Any CPU.Deploy.0 = Release|Any CPU
		{D8B894AF-A67E-4BB8-8637-955D11D66342}.Release|iPhone.ActiveCfg = Release|Any CPU
		{D8B894AF-A67E-4BB8-8637-955D11D66342}.Release|iPhone.Build.0 = Release|Any CPU
		{D8B894AF-A67E-4BB8-8637-955D11D66342}.Release|iPhone.Deploy.0 = Release|Any CPU
		{D8B894AF-A67E-4BB8-8637-955D11D66342}.Release|iPhoneSimulator.ActiveCfg = Release|Any CPU
		{D8B894AF-A67E-4BB8-8637-955D11D66342}.Release|iPhoneSimulator.Build.0 = Release|Any CPU
		{D8B894AF-A67E-4BB8-8637-955D11D66342}.Release|iPhoneSimulator.Deploy.0 = Release|Any CPU
		{DD9832E3-BCB9-4BE7-AAD6-012D8AB336C5}.Debug|Any CPU.ActiveCfg = Debug|iPhoneSimulator
		{DD9832E3-BCB9-4BE7-AAD6-012D8AB336C5}.Debug|Any CPU.Build.0 = Debug|iPhoneSimulator
		{DD9832E3-BCB9-4BE7-AAD6-012D8AB336C5}.Debug|Any CPU.Deploy.0 = Debug|iPhoneSimulator
		{DD9832E3-BCB9-4BE7-AAD6-012D8AB336C5}.Debug|iPhone.ActiveCfg = Debug|iPhone
		{DD9832E3-BCB9-4BE7-AAD6-012D8AB336C5}.Debug|iPhone.Build.0 = Debug|iPhone
		{DD9832E3-BCB9-4BE7-AAD6-012D8AB336C5}.Debug|iPhone.Deploy.0 = Debug|iPhone
		{DD9832E3-BCB9-4BE7-AAD6-012D8AB336C5}.Debug|iPhoneSimulator.ActiveCfg = Debug|iPhoneSimulator
		{DD9832E3-BCB9-4BE7-AAD6-012D8AB336C5}.Debug|iPhoneSimulator.Build.0 = Debug|iPhoneSimulator
		{DD9832E3-BCB9-4BE7-AAD6-012D8AB336C5}.Debug|iPhoneSimulator.Deploy.0 = Debug|iPhoneSimulator
		{DD9832E3-BCB9-4BE7-AAD6-012D8AB336C5}.Release|Any CPU.ActiveCfg = Release|iPhone
		{DD9832E3-BCB9-4BE7-AAD6-012D8AB336C5}.Release|Any CPU.Build.0 = Release|iPhone
		{DD9832E3-BCB9-4BE7-AAD6-012D8AB336C5}.Release|Any CPU.Deploy.0 = Release|iPhone
		{DD9832E3-BCB9-4BE7-AAD6-012D8AB336C5}.Release|iPhone.ActiveCfg = Release|iPhone
		{DD9832E3-BCB9-4BE7-AAD6-012D8AB336C5}.Release|iPhone.Build.0 = Release|iPhone
		{DD9832E3-BCB9-4BE7-AAD6-012D8AB336C5}.Release|iPhone.Deploy.0 = Release|iPhone
		{DD9832E3-BCB9-4BE7-AAD6-012D8AB336C5}.Release|iPhoneSimulator.ActiveCfg = Release|iPhoneSimulator
		{DD9832E3-BCB9-4BE7-AAD6-012D8AB336C5}.Release|iPhoneSimulator.Build.0 = Release|iPhoneSimulator
		{DD9832E3-BCB9-4BE7-AAD6-012D8AB336C5}.Release|iPhoneSimulator.Deploy.0 = Release|iPhoneSimulator
		{4A894AA4-3765-4966-8A0D-3632B4E8EA85}.Debug|Any CPU.ActiveCfg = Debug|Any CPU
		{4A894AA4-3765-4966-8A0D-3632B4E8EA85}.Debug|Any CPU.Build.0 = Debug|Any CPU
		{4A894AA4-3765-4966-8A0D-3632B4E8EA85}.Debug|Any CPU.Deploy.0 = Debug|Any CPU
		{4A894AA4-3765-4966-8A0D-3632B4E8EA85}.Debug|iPhone.ActiveCfg = Debug|Any CPU
		{4A894AA4-3765-4966-8A0D-3632B4E8EA85}.Debug|iPhone.Build.0 = Debug|Any CPU
		{4A894AA4-3765-4966-8A0D-3632B4E8EA85}.Debug|iPhone.Deploy.0 = Debug|Any CPU
		{4A894AA4-3765-4966-8A0D-3632B4E8EA85}.Debug|iPhoneSimulator.ActiveCfg = Debug|Any CPU
		{4A894AA4-3765-4966-8A0D-3632B4E8EA85}.Debug|iPhoneSimulator.Build.0 = Debug|Any CPU
		{4A894AA4-3765-4966-8A0D-3632B4E8EA85}.Debug|iPhoneSimulator.Deploy.0 = Debug|Any CPU
		{4A894AA4-3765-4966-8A0D-3632B4E8EA85}.Release|Any CPU.ActiveCfg = Release|Any CPU
		{4A894AA4-3765-4966-8A0D-3632B4E8EA85}.Release|Any CPU.Build.0 = Release|Any CPU
		{4A894AA4-3765-4966-8A0D-3632B4E8EA85}.Release|Any CPU.Deploy.0 = Release|Any CPU
		{4A894AA4-3765-4966-8A0D-3632B4E8EA85}.Release|iPhone.ActiveCfg = Release|Any CPU
		{4A894AA4-3765-4966-8A0D-3632B4E8EA85}.Release|iPhone.Build.0 = Release|Any CPU
		{4A894AA4-3765-4966-8A0D-3632B4E8EA85}.Release|iPhone.Deploy.0 = Release|Any CPU
		{4A894AA4-3765-4966-8A0D-3632B4E8EA85}.Release|iPhoneSimulator.ActiveCfg = Release|Any CPU
		{4A894AA4-3765-4966-8A0D-3632B4E8EA85}.Release|iPhoneSimulator.Build.0 = Release|Any CPU
		{4A894AA4-3765-4966-8A0D-3632B4E8EA85}.Release|iPhoneSimulator.Deploy.0 = Release|Any CPU
	EndGlobalSection
	GlobalSection(SolutionProperties) = preSolution
		HideSolutionNode = FALSE
	EndGlobalSection
	GlobalSection(ExtensibilityGlobals) = postSolution
		SolutionGuid = {E3B40369-5776-446C-A863-50749CD22302}
	EndGlobalSection
EndGlobal
